
Microsoft Visual Studio Solution File, Format Version 12.00
Project("{2150E333-8FDC-42A3-9474-1A3956D46DE8}") = "WorkedApproaches", "WorkedApproaches", "{9767D066-985F-422B-A282-79E1E397ED23}"
EndProject
Project("{2150E333-8FDC-42A3-9474-1A3956D46DE8}") = "LiveDemo", "LiveDemo", "{013C5E99-549F-4AD3-B9BD-EB67225C3277}"
EndProject
Project("{2150E333-8FDC-42A3-9474-1A3956D46DE8}") = "src", "src", "{3E7DB615-8E3D-4737-97E6-7CC86FE22A64}"
EndProject
Project("{2150E333-8FDC-42A3-9474-1A3956D46DE8}") = "tests", "tests", "{6581C2AD-05AA-4507-A672-4E516E25741A}"
EndProject
Project("{FAE04EC0-301F-11D3-BF4B-00C04F79EFBC}") = "TurnstileStateApproach", "TurnstileStateApproach\TurnstileStateApproach.csproj", "{3758BD24-9C44-4EFA-9650-637BED84047B}"
EndProject
Project("{FAE04EC0-301F-11D3-BF4B-00C04F79EFBC}") = "TurnstileTransitionApproach", "TurnstileTransitionApproach\TurnstileTransitionApproach.csproj", "{11EEAD9C-8D18-4017-AE6D-35AADCBF1673}"
EndProject
Project("{2150E333-8FDC-42A3-9474-1A3956D46DE8}") = "Common", "Common", "{DA57730D-A961-4A9A-9D6C-326B839DC87C}"
EndProject
Project("{FAE04EC0-301F-11D3-BF4B-00C04F79EFBC}") = "Abstractions", "Abstractions\Abstractions.csproj", "{16098CF0-508D-4C2A-BC97-E52522E2F4E8}"
EndProject
Project("{FAE04EC0-301F-11D3-BF4B-00C04F79EFBC}") = "WorkedUnitTests", "Tests\WorkedUnitTests\WorkedUnitTests.csproj", "{F6B49109-0920-4E83-8D08-6FDFE9C0CEAD}"
EndProject
Project("{FAE04EC0-301F-11D3-BF4B-00C04F79EFBC}") = "Session01", "Session01\Session01.csproj", "{9638F7D9-897E-42DA-A79C-AE2E2CFC031C}"
EndProject
Project("{FAE04EC0-301F-11D3-BF4B-00C04F79EFBC}") = "NaiveTurnstile", "NaiveTurnstile\NaiveTurnstile.csproj", "{FA7ABE03-BE87-469E-AB94-71C923EDD5B8}"
EndProject
Global
	GlobalSection(SolutionConfigurationPlatforms) = preSolution
		Debug|Any CPU = Debug|Any CPU
		Release|Any CPU = Release|Any CPU
	EndGlobalSection
	GlobalSection(NestedProjects) = preSolution
		{3E7DB615-8E3D-4737-97E6-7CC86FE22A64} = {9767D066-985F-422B-A282-79E1E397ED23}
		{6581C2AD-05AA-4507-A672-4E516E25741A} = {9767D066-985F-422B-A282-79E1E397ED23}
		{3758BD24-9C44-4EFA-9650-637BED84047B} = {3E7DB615-8E3D-4737-97E6-7CC86FE22A64}
		{11EEAD9C-8D18-4017-AE6D-35AADCBF1673} = {3E7DB615-8E3D-4737-97E6-7CC86FE22A64}
		{16098CF0-508D-4C2A-BC97-E52522E2F4E8} = {DA57730D-A961-4A9A-9D6C-326B839DC87C}
		{F6B49109-0920-4E83-8D08-6FDFE9C0CEAD} = {6581C2AD-05AA-4507-A672-4E516E25741A}
		{9638F7D9-897E-42DA-A79C-AE2E2CFC031C} = {013C5E99-549F-4AD3-B9BD-EB67225C3277}
		{FA7ABE03-BE87-469E-AB94-71C923EDD5B8} = {3E7DB615-8E3D-4737-97E6-7CC86FE22A64}
	EndGlobalSection
	GlobalSection(ProjectConfigurationPlatforms) = postSolution
		{3758BD24-9C44-4EFA-9650-637BED84047B}.Debug|Any CPU.ActiveCfg = Debug|Any CPU
		{3758BD24-9C44-4EFA-9650-637BED84047B}.Debug|Any CPU.Build.0 = Debug|Any CPU
		{3758BD24-9C44-4EFA-9650-637BED84047B}.Release|Any CPU.ActiveCfg = Release|Any CPU
		{3758BD24-9C44-4EFA-9650-637BED84047B}.Release|Any CPU.Build.0 = Release|Any CPU
		{11EEAD9C-8D18-4017-AE6D-35AADCBF1673}.Debug|Any CPU.ActiveCfg = Debug|Any CPU
		{11EEAD9C-8D18-4017-AE6D-35AADCBF1673}.Debug|Any CPU.Build.0 = Debug|Any CPU
		{11EEAD9C-8D18-4017-AE6D-35AADCBF1673}.Release|Any CPU.ActiveCfg = Release|Any CPU
		{11EEAD9C-8D18-4017-AE6D-35AADCBF1673}.Release|Any CPU.Build.0 = Release|Any CPU
		{16098CF0-508D-4C2A-BC97-E52522E2F4E8}.Debug|Any CPU.ActiveCfg = Debug|Any CPU
		{16098CF0-508D-4C2A-BC97-E52522E2F4E8}.Debug|Any CPU.Build.0 = Debug|Any CPU
		{16098CF0-508D-4C2A-BC97-E52522E2F4E8}.Release|Any CPU.ActiveCfg = Release|Any CPU
		{16098CF0-508D-4C2A-BC97-E52522E2F4E8}.Release|Any CPU.Build.0 = Release|Any CPU
		{F6B49109-0920-4E83-8D08-6FDFE9C0CEAD}.Debug|Any CPU.ActiveCfg = Debug|Any CPU
		{F6B49109-0920-4E83-8D08-6FDFE9C0CEAD}.Debug|Any CPU.Build.0 = Debug|Any CPU
		{F6B49109-0920-4E83-8D08-6FDFE9C0CEAD}.Release|Any CPU.ActiveCfg = Release|Any CPU
		{F6B49109-0920-4E83-8D08-6FDFE9C0CEAD}.Release|Any CPU.Build.0 = Release|Any CPU
		{9638F7D9-897E-42DA-A79C-AE2E2CFC031C}.Debug|Any CPU.ActiveCfg = Debug|Any CPU
		{9638F7D9-897E-42DA-A79C-AE2E2CFC031C}.Debug|Any CPU.Build.0 = Debug|Any CPU
		{9638F7D9-897E-42DA-A79C-AE2E2CFC031C}.Release|Any CPU.ActiveCfg = Release|Any CPU
		{9638F7D9-897E-42DA-A79C-AE2E2CFC031C}.Release|Any CPU.Build.0 = Release|Any CPU
		{FA7ABE03-BE87-469E-AB94-71C923EDD5B8}.Debug|Any CPU.ActiveCfg = Debug|Any CPU
		{FA7ABE03-BE87-469E-AB94-71C923EDD5B8}.Debug|Any CPU.Build.0 = Debug|Any CPU
		{FA7ABE03-BE87-469E-AB94-71C923EDD5B8}.Release|Any CPU.ActiveCfg = Release|Any CPU
		{FA7ABE03-BE87-469E-AB94-71C923EDD5B8}.Release|Any CPU.Build.0 = Release|Any CPU
	EndGlobalSection
EndGlobal
